// !$*UTF8*$!
{
	archiveVersion = 1;
	classes = {
	};
	objectVersion = 50;
	objects = {

/* Begin PBXBuildFile section */
		DE9DB37923F3DC43000DE7C6 /* DetailViewController.swift in Sources */ = {isa = PBXBuildFile; fileRef = DE9DB37823F3DC43000DE7C6 /* DetailViewController.swift */; };
		DEC53DF523F386DF00D5FC76 /* AppDelegate.swift in Sources */ = {isa = PBXBuildFile; fileRef = DEC53DF423F386DF00D5FC76 /* AppDelegate.swift */; };
		DEC53DF723F386DF00D5FC76 /* SceneDelegate.swift in Sources */ = {isa = PBXBuildFile; fileRef = DEC53DF623F386DF00D5FC76 /* SceneDelegate.swift */; };
		DEC53DF923F386DF00D5FC76 /* ViewController.swift in Sources */ = {isa = PBXBuildFile; fileRef = DEC53DF823F386DF00D5FC76 /* ViewController.swift */; };
		DEC53DFC23F386DF00D5FC76 /* Main.storyboard in Resources */ = {isa = PBXBuildFile; fileRef = DEC53DFA23F386DF00D5FC76 /* Main.storyboard */; };
		DEC53DFE23F386E200D5FC76 /* Assets.xcassets in Resources */ = {isa = PBXBuildFile; fileRef = DEC53DFD23F386E200D5FC76 /* Assets.xcassets */; };
		DEC53E0123F386E200D5FC76 /* LaunchScreen.storyboard in Resources */ = {isa = PBXBuildFile; fileRef = DEC53DFF23F386E200D5FC76 /* LaunchScreen.storyboard */; };
		DEC53E0923F386FB00D5FC76 /* SampleView.xib in Resources */ = {isa = PBXBuildFile; fileRef = DEC53E0823F386FB00D5FC76 /* SampleView.xib */; };
/* End PBXBuildFile section */

/* Begin PBXFileReference section */
		DE9DB37823F3DC43000DE7C6 /* DetailViewController.swift */ = {isa = PBXFileReference; lastKnownFileType = sourcecode.swift; path = DetailViewController.swift; sourceTree = "<group>"; };
		DEC53DF123F386DF00D5FC76 /* SampleProject.app */ = {isa = PBXFileReference; explicitFileType = wrapper.application; includeInIndex = 0; path = SampleProject.app; sourceTree = BUILT_PRODUCTS_DIR; };
		DEC53DF423F386DF00D5FC76 /* AppDelegate.swift */ = {isa = PBXFileReference; lastKnownFileType = sourcecode.swift; path = AppDelegate.swift; sourceTree = "<group>"; };
		DEC53DF623F386DF00D5FC76 /* SceneDelegate.swift */ = {isa = PBXFileReference; lastKnownFileType = sourcecode.swift; path = SceneDelegate.swift; sourceTree = "<group>"; };
		DEC53DF823F386DF00D5FC76 /* ViewController.swift */ = {isa = PBXFileReference; lastKnownFileType = sourcecode.swift; path = ViewController.swift; sourceTree = "<group>"; };
		DEC53DFB23F386DF00D5FC76 /* Base */ = {isa = PBXFileReference; lastKnownFileType = file.storyboard; name = Base; path = Base.lproj/Main.storyboard; sourceTree = "<group>"; };
		DEC53DFD23F386E200D5FC76 /* Assets.xcassets */ = {isa = PBXFileReference; lastKnownFileType = folder.assetcatalog; path = Assets.xcassets; sourceTree = "<group>"; };
		DEC53E0023F386E200D5FC76 /* Base */ = {isa = PBXFileReference; lastKnownFileType = file.storyboard; name = Base; path = Base.lproj/LaunchScreen.storyboard; sourceTree = "<group>"; };
		DEC53E0223F386E200D5FC76 /* Info.plist */ = {isa = PBXFileReference; lastKnownFileType = text.plist.xml; path = Info.plist; sourceTree = "<group>"; };
		DEC53E0823F386FB00D5FC76 /* SampleView.xib */ = {isa = PBXFileReference; lastKnownFileType = file.xib; path = SampleView.xib; sourceTree = "<group>"; };
/* End PBXFileReference section */

/* Begin PBXFrameworksBuildPhase section */
		DEC53DEE23F386DF00D5FC76 /* Frameworks */ = {
			isa = PBXFrameworksBuildPhase;
			buildActionMask = 2147483647;
			files = (
			);
			runOnlyForDeploymentPostprocessing = 0;
		};
/* End PBXFrameworksBuildPhase section */

/* Begin PBXGroup section */
		DEC53DE823F386DF00D5FC76 = {
			isa = PBXGroup;
			children = (
				DEC53DF323F386DF00D5FC76 /* SampleProject */,
				DEC53DF223F386DF00D5FC76 /* Products */,
			);
			sourceTree = "<group>";
		};
		DEC53DF223F386DF00D5FC76 /* Products */ = {
			isa = PBXGroup;
			children = (
				DEC53DF123F386DF00D5FC76 /* SampleProject.app */,
			);
			name = Products;
			sourceTree = "<group>";
		};
		DEC53DF323F386DF00D5FC76 /* SampleProject */ = {
			isa = PBXGroup;
			children = (
				DEC53DF423F386DF00D5FC76 /* AppDelegate.swift */,
				DEC53E0823F386FB00D5FC76 /* SampleView.xib */,
				DEC53DF623F386DF00D5FC76 /* SceneDelegate.swift */,
				DEC53DF823F386DF00D5FC76 /* ViewController.swift */,
				DEC53DFA23F386DF00D5FC76 /* Main.storyboard */,
				DEC53DFD23F386E200D5FC76 /* Assets.xcassets */,
				DEC53DFF23F386E200D5FC76 /* LaunchScreen.storyboard */,
				DEC53E0223F386E200D5FC76 /* Info.plist */,
				DE9DB37823F3DC43000DE7C6 /* DetailViewController.swift */,
			);
			path = SampleProject;
			sourceTree = "<group>";
		};
/* End PBXGroup section */

/* Begin PBXNativeTarget section */
		DEC53DF023F386DF00D5FC76 /* SampleProject */ = {
			isa = PBXNativeTarget;
			buildConfigurationList = DEC53E0523F386E200D5FC76 /* Build configuration list for PBXNativeTarget "SampleProject" */;
			buildPhases = (
				DEC53DED23F386DF00D5FC76 /* Sources */,
				DEC53DEE23F386DF00D5FC76 /* Frameworks */,
				DEC53DEF23F386DF00D5FC76 /* Resources */,
			);
			buildRules = (
			);
			dependencies = (
			);
			name = SampleProject;
			productName = SampleProject;
			productReference = DEC53DF123F386DF00D5FC76 /* SampleProject.app */;
			productType = "com.apple.product-type.application";
		};
/* End PBXNativeTarget section */

/* Begin PBXProject section */
		DEC53DE923F386DF00D5FC76 /* Project object */ = {
			isa = PBXProject;
			attributes = {
				LastSwiftUpdateCheck = 1130;
				LastUpgradeCheck = 1130;
				ORGANIZATIONNAME = Choi;
				TargetAttributes = {
					DEC53DF023F386DF00D5FC76 = {
						CreatedOnToolsVersion = 11.3.1;
					};
				};
			};
			buildConfigurationList = DEC53DEC23F386DF00D5FC76 /* Build configuration list for PBXProject "SampleProject" */;
			compatibilityVersion = "Xcode 9.3";
			developmentRegion = en;
			hasScannedForEncodings = 0;
			knownRegions = (
				en,
				Base,
			);
			mainGroup = DEC53DE823F386DF00D5FC76;
			productRefGroup = DEC53DF223F386DF00D5FC76 /* Products */;
			projectDirPath = "";
			projectRoot = "";
			targets = (
				DEC53DF023F386DF00D5FC76 /* SampleProject */,
			);
		};
/* End PBXProject section */

/* Begin PBXResourcesBuildPhase section */
		DEC53DEF23F386DF00D5FC76 /* Resources */ = {
			isa = PBXResourcesBuildPhase;
			buildActionMask = 2147483647;
			files = (
				DEC53E0923F386FB00D5FC76 /* SampleView.xib in Resources */,
				DEC53E0123F386E200D5FC76 /* LaunchScreen.storyboard in Resources */,
				DEC53DFE23F386E200D5FC76 /* Assets.xcassets in Resources */,
				DEC53DFC23F386DF00D5FC76 /* Main.storyboard in Resources */,
			);
			runOnlyForDeploymentPostprocessing = 0;
		};
/* End PBXResourcesBuildPhase section */

/* Begin PBXSourcesBuildPhase section */
		DEC53DED23F386DF00D5FC76 /* Sources */ = {
			isa = PBXSourcesBuildPhase;
			buildActionMask = 2147483647;
			files = (
				DE9DB37923F3DC43000DE7C6 /* DetailViewController.swift in Sources */,
				DEC53DF923F386DF00D5FC76 /* ViewController.swift in Sources */,
				DEC53DF523F386DF00D5FC76 /* AppDelegate.swift in Sources */,
				DEC53DF723F386DF00D5FC76 /* SceneDelegate.swift in Sources */,
			);
			runOnlyForDeploymentPostprocessing = 0;
		};
/* End PBXSourcesBuildPhase section */

/* Begin PBXVariantGroup section */
		DEC53DFA23F386DF00D5FC76 /* Main.storyboard */ = {
			isa = PBXVariantGroup;
			children = (
				DEC53DFB23F386DF00D5FC76 /* Base */,
			);
			name = Main.storyboard;
			sourceTree = "<group>";
		};
		DEC53DFF23F386E200D5FC76 /* LaunchScreen.storyboard */ = {
			isa = PBXVariantGroup;
			children = (
				DEC53E0023F386E200D5FC76 /* Base */,
			);
			name = LaunchScreen.storyboard;
			sourceTree = "<group>";
		};
/* End PBXVariantGroup section */

/* Begin XCBuildConfiguration section */
		DEC53E0323F386E200D5FC76 /* Debug */ = {
			isa = XCBuildConfiguration;
			buildSettings = {
				ALWAYS_SEARCH_USER_PATHS = NO;
				CLANG_ANALYZER_NONNULL = YES;
				CLANG_ANALYZER_NUMBER_OBJECT_CONVERSION = YES_AGGRESSIVE;
				CLANG_CXX_LANGUAGE_STANDARD = "gnu++14";
				CLANG_CXX_LIBRARY = "libc++";
				CLANG_ENABLE_MODULES = YES;
				CLANG_ENABLE_OBJC_ARC = YES;
				CLANG_ENABLE_OBJC_WEAK = YES;
				CLANG_WARN_BLOCK_CAPTURE_AUTORELEASING = YES;
				CLANG_WARN_BOOL_CONVERSION = YES;
				CLANG_WARN_COMMA = YES;
				CLANG_WARN_CONSTANT_CONVERSION = YES;
				CLANG_WARN_DEPRECATED_OBJC_IMPLEMENTATIONS = YES;
				CLANG_WARN_DIRECT_OBJC_ISA_USAGE = YES_ERROR;
				CLANG_WARN_DOCUMENTATION_COMMENTS = YES;
				CLANG_WARN_EMPTY_BODY = YES;
				CLANG_WARN_ENUM_CONVERSION = YES;
				CLANG_WARN_INFINITE_RECURSION = YES;
				CLANG_WARN_INT_CONVERSION = YES;
				CLANG_WARN_NON_LITERAL_NULL_CONVERSION = YES;
				CLANG_WARN_OBJC_IMPLICIT_RETAIN_SELF = YES;
				CLANG_WARN_OBJC_LITERAL_CONVERSION = YES;
				CLANG_WARN_OBJC_ROOT_CLASS = YES_ERROR;
				CLANG_WARN_RANGE_LOOP_ANALYSIS = YES;
				CLANG_WARN_STRICT_PROTOTYPES = YES;
				CLANG_WARN_SUSPICIOUS_MOVE = YES;
				CLANG_WARN_UNGUARDED_AVAILABILITY = YES_AGGRESSIVE;
				CLANG_WARN_UNREACHABLE_CODE = YES;
				CLANG_WARN__DUPLICATE_METHOD_MATCH = YES;
				COPY_PHASE_STRIP = NO;
				DEBUG_INFORMATION_FORMAT = dwarf;
				ENABLE_STRICT_OBJC_MSGSEND = YES;
				ENABLE_TESTABILITY = YES;
				GCC_C_LANGUAGE_STANDARD = gnu11;
				GCC_DYNAMIC_NO_PIC = NO;
				GCC_NO_COMMON_BLOCKS = YES;
				GCC_OPTIMIZATION_LEVEL = 0;
				GCC_PREPROCESSOR_DEFINITIONS = (
					"DEBUG=1",
					"$(inherited)",
				);
				GCC_WARN_64_TO_32_BIT_CONVERSION = YES;
				GCC_WARN_ABOUT_RETURN_TYPE = YES_ERROR;
				GCC_WARN_UNDECLARED_SELECTOR = YES;
				GCC_WARN_UNINITIALIZED_AUTOS = YES_AGGRESSIVE;
				GCC_WARN_UNUSED_FUNCTION = YES;
				GCC_WARN_UNUSED_VARIABLE = YES;
				IPHONEOS_DEPLOYMENT_TARGET = 13.2;
				MTL_ENABLE_DEBUG_INFO = INCLUDE_SOURCE;
				MTL_FAST_MATH = YES;
				ONLY_ACTIVE_ARCH = YES;
				SDKROOT = iphoneos;
				SWIFT_ACTIVE_COMPILATION_CONDITIONS = DEBUG;
				SWIFT_OPTIMIZATION_LEVEL = "-Onone";
			};
			name = Debug;
		};
		DEC53E0423F386E200D5FC76 /* Release */ = {
			isa = XCBuildConfiguration;
			buildSettings = {
				ALWAYS_SEARCH_USER_PATHS = NO;
				CLANG_ANALYZER_NONNULL = YES;
				CLANG_ANALYZER_NUMBER_OBJECT_CONVERSION = YES_AGGRESSIVE;
				CLANG_CXX_LANGUAGE_STANDARD = "gnu++14";
				CLANG_CXX_LIBRARY = "libc++";
				CLANG_ENABLE_MODULES = YES;
				CLANG_ENABLE_OBJC_ARC = YES;
				CLANG_ENABLE_OBJC_WEAK = YES;
				CLANG_WARN_BLOCK_CAPTURE_AUTORELEASING = YES;
				CLANG_WARN_BOOL_CONVERSION = YES;
				CLANG_WARN_COMMA = YES;
				CLANG_WARN_CONSTANT_CONVERSION = YES;
				CLANG_WARN_DEPRECATED_OBJC_IMPLEMENTATIONS = YES;
				CLANG_WARN_DIRECT_OBJC_ISA_USAGE = YES_ERROR;
				CLANG_WARN_DOCUMENTATION_COMMENTS = YES;
				CLANG_WARN_EMPTY_BODY = YES;
				CLANG_WARN_ENUM_CONVERSION = YES;
				CLANG_WARN_INFINITE_RECURSION = YES;
				CLANG_WARN_INT_CONVERSION = YES;
				CLANG_WARN_NON_LITERAL_NULL_CONVERSION = YES;
				CLANG_WARN_OBJC_IMPLICIT_RETAIN_SELF = YES;
				CLANG_WARN_OBJC_LITERAL_CONVERSION = YES;
				CLANG_WARN_OBJC_ROOT_CLASS = YES_ERROR;
				CLANG_WARN_RANGE_LOOP_ANALYSIS = YES;
				CLANG_WARN_STRICT_PROTOTYPES = YES;
				CLANG_WARN_SUSPICIOUS_MOVE = YES;
				CLANG_WARN_UNGUARDED_AVAILABILITY = YES_AGGRESSIVE;
				CLANG_WARN_UNREACHABLE_CODE = YES;
				CLANG_WARN__DUPLICATE_METHOD_MATCH = YES;
				COPY_PHASE_STRIP = NO;
				DEBUG_INFORMATION_FORMAT = "dwarf-with-dsym";
				ENABLE_NS_ASSERTIONS = NO;
				ENABLE_STRICT_OBJC_MSGSEND = YES;
				GCC_C_LANGUAGE_STANDARD = gnu11;
				GCC_NO_COMMON_BLOCKS = YES;
				GCC_WARN_64_TO_32_BIT_CONVERSION = YES;
				GCC_WARN_ABOUT_RETURN_TYPE = YES_ERROR;
				GCC_WARN_UNDECLARED_SELECTOR = YES;
				GCC_WARN_UNINITIALIZED_AUTOS = YES_AGGRESSIVE;
				GCC_WARN_UNUSED_FUNCTION = YES;
				GCC_WARN_UNUSED_VARIABLE = YES;
				IPHONEOS_DEPLOYMENT_TARGET = 13.2;
				MTL_ENABLE_DEBUG_INFO = NO;
				MTL_FAST_MATH = YES;
				SDKROOT = iphoneos;
				SWIFT_COMPILATION_MODE = wholemodule;
				SWIFT_OPTIMIZATION_LEVEL = "-O";
				VALIDATE_PRODUCT = YES;
			};
			name = Release;
		};
		DEC53E0623F386E200D5FC76 /* Debug */ = {
			isa = XCBuildConfiguration;
			buildSettings = {
				ASSETCATALOG_COMPILER_APPICON_NAME = AppIcon;
				CODE_SIGN_STYLE = Automatic;
				DEVELOPMENT_TEAM = DUD734MXMD;
				INFOPLIST_FILE = SampleProject/Info.plist;
				LD_RUNPATH_SEARCH_PATHS = (
					"$(inherited)",
					"@executable_path/Frameworks",
				);
				PRODUCT_BUNDLE_IDENTIFIER = com.choi.SampleProject;
				PRODUCT_NAME = "$(TARGET_NAME)";
				SWIFT_VERSION = 5.0;
				TARGETED_DEVICE_FAMILY = "1,2";
			};
			name = Debug;
		};
		DEC53E0723F386E200D5FC76 /* Release */ = {
			isa = XCBuildConfiguration;
			buildSettings = {
				ASSETCATALOG_COMPILER_APPICON_NAME = AppIcon;
				CODE_SIGN_STYLE = Automatic;
				DEVELOPMENT_TEAM = DUD734MXMD;
				INFOPLIST_FILE = SampleProject/Info.plist;
				LD_RUNPATH_SEARCH_PATHS = (
					"$(inherited)",
					"@executable_path/Frameworks",
				);
				PRODUCT_BUNDLE_IDENTIFIER = com.choi.SampleProject;
				PRODUCT_NAME = "$(TARGET_NAME)";
				SWIFT_VERSION = 5.0;
				TARGETED_DEVICE_FAMILY = "1,2";
			};
			name = Release;
		};
/* End XCBuildConfiguration section */

/* Begin XCConfigurationList section */
		DEC53DEC23F386DF00D5FC76 /* Build configuration list for PBXProject "SampleProject" */ = {
			isa = XCConfigurationList;
			buildConfigurations = (
				DEC53E0323F386E200D5FC76 /* Debug */,
				DEC53E0423F386E200D5FC76 /* Release */,
			);
			defaultConfigurationIsVisible = 0;
			defaultConfigurationName = Release;
		};
		DEC53E0523F386E200D5FC76 /* Build configuration list for PBXNativeTarget "SampleProject" */ = {
			isa = XCConfigurationList;
			buildConfigurations = (
				DEC53E0623F386E200D5FC76 /* Debug */,
				DEC53E0723F386E200D5FC76 /* Release */,
			);
			defaultConfigurationIsVisible = 0;
			defaultConfigurationName = Release;
		};
/* End XCConfigurationList section */
	};
	rootObject = DEC53DE923F386DF00D5FC76 /* Project object */;
}
